
Microsoft Visual Studio Solution File, Format Version 12.00
# Visual Studio Version 17
VisualStudioVersion = 17.4.33205.214
MinimumVisualStudioVersion = 10.0.40219.1
Project("{FAE04EC0-301F-11D3-BF4B-00C04F79EFBC}") = "MVC", "MVC\MVC.csproj", "{BF03C307-0E7B-4993-AF4D-66669FFBC7BD}"
EndProject
Project("{2150E333-8FDC-42A3-9474-1A3956D46DE8}") = "Элементы решения", "Элементы решения", "{7501C9CB-0F1C-4837-BF82-C0ABBF85C777}"
EndProject
Global
	GlobalSection(SolutionConfigurationPlatforms) = preSolution
		Debug|Any CPU = Debug|Any CPU
		Release|Any CPU = Release|Any CPU
	EndGlobalSection
	GlobalSection(ProjectConfigurationPlatforms) = postSolution
		{BF03C307-0E7B-4993-AF4D-66669FFBC7BD}.Debug|Any CPU.ActiveCfg = Debug|Any CPU
		{BF03C307-0E7B-4993-AF4D-66669FFBC7BD}.Debug|Any CPU.Build.0 = Debug|Any CPU
		{BF03C307-0E7B-4993-AF4D-66669FFBC7BD}.Release|Any CPU.ActiveCfg = Release|Any CPU
		{BF03C307-0E7B-4993-AF4D-66669FFBC7BD}.Release|Any CPU.Build.0 = Release|Any CPU
	EndGlobalSection
	GlobalSection(SolutionProperties) = preSolution
		HideSolutionNode = FALSE
	EndGlobalSection
	GlobalSection(ExtensibilityGlobals) = postSolution
		SolutionGuid = {A4906E8E-071A-4E68-BE83-FF85FE64F570}
	EndGlobalSection
EndGlobal
